
Microsoft Visual Studio Solution File, Format Version 12.00
# Visual Studio Version 16
VisualStudioVersion = 16.0.32106.194
MinimumVisualStudioVersion = 10.0.40219.1
Project("{FAE04EC0-301F-11D3-BF4B-00C04F79EFBC}") = "WGU_Xamarin.Android", "WGU_Xamarin\WGU_Xamarin.Android\WGU_Xamarin.Android.csproj", "{BBE2E3DF-2197-4804-A9FA-B1246F53496C}"
EndProject
Project("{9A19103F-16F7-4668-BE54-9A1E7A4F7556}") = "WGU_Xamarin", "WGU_Xamarin\WGU_Xamarin\WGU_Xamarin.csproj", "{ADFABEE2-89CE-40F2-A099-9073E924D36A}"
EndProject
Global
	GlobalSection(SolutionConfigurationPlatforms) = preSolution
		Debug|Any CPU = Debug|Any CPU
		Debug|iPhone = Debug|iPhone
		Debug|iPhoneSimulator = Debug|iPhoneSimulator
		Release|Any CPU = Release|Any CPU
		Release|iPhone = Release|iPhone
		Release|iPhoneSimulator = Release|iPhoneSimulator
	EndGlobalSection
	GlobalSection(ProjectConfigurationPlatforms) = postSolution
		{BBE2E3DF-2197-4804-A9FA-B1246F53496C}.Debug|Any CPU.ActiveCfg = Debug|Any CPU
		{BBE2E3DF-2197-4804-A9FA-B1246F53496C}.Debug|Any CPU.Build.0 = Debug|Any CPU
		{BBE2E3DF-2197-4804-A9FA-B1246F53496C}.Debug|Any CPU.Deploy.0 = Debug|Any CPU
		{BBE2E3DF-2197-4804-A9FA-B1246F53496C}.Debug|iPhone.ActiveCfg = Debug|Any CPU
		{BBE2E3DF-2197-4804-A9FA-B1246F53496C}.Debug|iPhone.Build.0 = Debug|Any CPU
		{BBE2E3DF-2197-4804-A9FA-B1246F53496C}.Debug|iPhone.Deploy.0 = Debug|Any CPU
		{BBE2E3DF-2197-4804-A9FA-B1246F53496C}.Debug|iPhoneSimulator.ActiveCfg = Debug|Any CPU
		{BBE2E3DF-2197-4804-A9FA-B1246F53496C}.Debug|iPhoneSimulator.Build.0 = Debug|Any CPU
		{BBE2E3DF-2197-4804-A9FA-B1246F53496C}.Debug|iPhoneSimulator.Deploy.0 = Debug|Any CPU
		{BBE2E3DF-2197-4804-A9FA-B1246F53496C}.Release|Any CPU.ActiveCfg = Release|Any CPU
		{BBE2E3DF-2197-4804-A9FA-B1246F53496C}.Release|Any CPU.Build.0 = Release|Any CPU
		{BBE2E3DF-2197-4804-A9FA-B1246F53496C}.Release|Any CPU.Deploy.0 = Release|Any CPU
		{BBE2E3DF-2197-4804-A9FA-B1246F53496C}.Release|iPhone.ActiveCfg = Release|Any CPU
		{BBE2E3DF-2197-4804-A9FA-B1246F53496C}.Release|iPhone.Build.0 = Release|Any CPU
		{BBE2E3DF-2197-4804-A9FA-B1246F53496C}.Release|iPhone.Deploy.0 = Release|Any CPU
		{BBE2E3DF-2197-4804-A9FA-B1246F53496C}.Release|iPhoneSimulator.ActiveCfg = Release|Any CPU
		{BBE2E3DF-2197-4804-A9FA-B1246F53496C}.Release|iPhoneSimulator.Build.0 = Release|Any CPU
		{BBE2E3DF-2197-4804-A9FA-B1246F53496C}.Release|iPhoneSimulator.Deploy.0 = Release|Any CPU
		{ADFABEE2-89CE-40F2-A099-9073E924D36A}.Debug|Any CPU.ActiveCfg = Debug|Any CPU
		{ADFABEE2-89CE-40F2-A099-9073E924D36A}.Debug|Any CPU.Build.0 = Debug|Any CPU
		{ADFABEE2-89CE-40F2-A099-9073E924D36A}.Debug|Any CPU.Deploy.0 = Debug|Any CPU
		{ADFABEE2-89CE-40F2-A099-9073E924D36A}.Debug|iPhone.ActiveCfg = Debug|Any CPU
		{ADFABEE2-89CE-40F2-A099-9073E924D36A}.Debug|iPhone.Build.0 = Debug|Any CPU
		{ADFABEE2-89CE-40F2-A099-9073E924D36A}.Debug|iPhone.Deploy.0 = Debug|Any CPU
		{ADFABEE2-89CE-40F2-A099-9073E924D36A}.Debug|iPhoneSimulator.ActiveCfg = Debug|Any CPU
		{ADFABEE2-89CE-40F2-A099-9073E924D36A}.Debug|iPhoneSimulator.Build.0 = Debug|Any CPU
		{ADFABEE2-89CE-40F2-A099-9073E924D36A}.Debug|iPhoneSimulator.Deploy.0 = Debug|Any CPU
		{ADFABEE2-89CE-40F2-A099-9073E924D36A}.Release|Any CPU.ActiveCfg = Release|Any CPU
		{ADFABEE2-89CE-40F2-A099-9073E924D36A}.Release|Any CPU.Build.0 = Release|Any CPU
		{ADFABEE2-89CE-40F2-A099-9073E924D36A}.Release|Any CPU.Deploy.0 = Release|Any CPU
		{ADFABEE2-89CE-40F2-A099-9073E924D36A}.Release|iPhone.ActiveCfg = Release|Any CPU
		{ADFABEE2-89CE-40F2-A099-9073E924D36A}.Release|iPhone.Build.0 = Release|Any CPU
		{ADFABEE2-89CE-40F2-A099-9073E924D36A}.Release|iPhone.Deploy.0 = Release|Any CPU
		{ADFABEE2-89CE-40F2-A099-9073E924D36A}.Release|iPhoneSimulator.ActiveCfg = Release|Any CPU
		{ADFABEE2-89CE-40F2-A099-9073E924D36A}.Release|iPhoneSimulator.Build.0 = Release|Any CPU
		{ADFABEE2-89CE-40F2-A099-9073E924D36A}.Release|iPhoneSimulator.Deploy.0 = Release|Any CPU
	EndGlobalSection
	GlobalSection(SolutionProperties) = preSolution
		HideSolutionNode = FALSE
	EndGlobalSection
	GlobalSection(ExtensibilityGlobals) = postSolution
		SolutionGuid = {B18F738A-6012-45E3-AC84-BE124DF66B05}
	EndGlobalSection
EndGlobal
